
Microsoft Visual Studio Solution File, Format Version 12.00
# Visual Studio 15
VisualStudioVersion = 15.0.27703.2026
MinimumVisualStudioVersion = 10.0.40219.1
Project("{FAE04EC0-301F-11D3-BF4B-00C04F79EFBC}") = "PSHelloAzureWebApp", "PSHelloAzureWebApp\PSHelloAzureWebApp.csproj", "{47953FCA-78D2-4217-B69A-EF16D8723DCF}"
EndProject
Global
	GlobalSection(SolutionConfigurationPlatforms) = preSolution
		Debug|Any CPU = Debug|Any CPU
		Release|Any CPU = Release|Any CPU
	EndGlobalSection
	GlobalSection(ProjectConfigurationPlatforms) = postSolution
		{47953FCA-78D2-4217-B69A-EF16D8723DCF}.Debug|Any CPU.ActiveCfg = Debug|Any CPU
		{47953FCA-78D2-4217-B69A-EF16D8723DCF}.Debug|Any CPU.Build.0 = Debug|Any CPU
		{47953FCA-78D2-4217-B69A-EF16D8723DCF}.Release|Any CPU.ActiveCfg = Release|Any CPU
		{47953FCA-78D2-4217-B69A-EF16D8723DCF}.Release|Any CPU.Build.0 = Release|Any CPU
	EndGlobalSection
	GlobalSection(SolutionProperties) = preSolution
		HideSolutionNode = FALSE
	EndGlobalSection
	GlobalSection(ExtensibilityGlobals) = postSolution
		SolutionGuid = {61C1689F-8154-4316-AD45-2C929347C153}
	EndGlobalSection
EndGlobal
